
Microsoft Visual Studio Solution File, Format Version 12.00
# Visual Studio 15
Project("{FAE04EC0-301F-11D3-BF4B-00C04F79EFBC}") = "Assembly-CSharp", "Assembly-CSharp.csproj", "{819A2121-54A8-AC9A-10BE-3B45E42C0B6D}"
EndProject
Project("{FAE04EC0-301F-11D3-BF4B-00C04F79EFBC}") = "Assembly-CSharp-firstpass", "Assembly-CSharp-firstpass.csproj", "{D5030680-CD40-D15E-7C5A-304A24B244D7}"
EndProject
Project("{FAE04EC0-301F-11D3-BF4B-00C04F79EFBC}") = "Assembly-CSharp-Editor", "Assembly-CSharp-Editor.csproj", "{42230899-35D0-CFC6-CDB1-9AD4627FB8A4}"
EndProject
Project("{FAE04EC0-301F-11D3-BF4B-00C04F79EFBC}") = "Assembly-CSharp-Editor-firstpass", "Assembly-CSharp-Editor-firstpass.csproj", "{C03A0E6D-0093-8B63-EC41-8CC9B04310A1}"
EndProject
Global
	GlobalSection(SolutionConfigurationPlatforms) = preSolution
		Debug|Any CPU = Debug|Any CPU
		Release|Any CPU = Release|Any CPU
	EndGlobalSection
	GlobalSection(ProjectConfigurationPlatforms) = postSolution
		{819A2121-54A8-AC9A-10BE-3B45E42C0B6D}.Debug|Any CPU.ActiveCfg = Debug|Any CPU
		{819A2121-54A8-AC9A-10BE-3B45E42C0B6D}.Debug|Any CPU.Build.0 = Debug|Any CPU
		{819A2121-54A8-AC9A-10BE-3B45E42C0B6D}.Release|Any CPU.ActiveCfg = Release|Any CPU
		{819A2121-54A8-AC9A-10BE-3B45E42C0B6D}.Release|Any CPU.Build.0 = Release|Any CPU
		{D5030680-CD40-D15E-7C5A-304A24B244D7}.Debug|Any CPU.ActiveCfg = Debug|Any CPU
		{D5030680-CD40-D15E-7C5A-304A24B244D7}.Debug|Any CPU.Build.0 = Debug|Any CPU
		{D5030680-CD40-D15E-7C5A-304A24B244D7}.Release|Any CPU.ActiveCfg = Release|Any CPU
		{D5030680-CD40-D15E-7C5A-304A24B244D7}.Release|Any CPU.Build.0 = Release|Any CPU
		{42230899-35D0-CFC6-CDB1-9AD4627FB8A4}.Debug|Any CPU.ActiveCfg = Debug|Any CPU
		{42230899-35D0-CFC6-CDB1-9AD4627FB8A4}.Debug|Any CPU.Build.0 = Debug|Any CPU
		{42230899-35D0-CFC6-CDB1-9AD4627FB8A4}.Release|Any CPU.ActiveCfg = Release|Any CPU
		{42230899-35D0-CFC6-CDB1-9AD4627FB8A4}.Release|Any CPU.Build.0 = Release|Any CPU
		{C03A0E6D-0093-8B63-EC41-8CC9B04310A1}.Debug|Any CPU.ActiveCfg = Debug|Any CPU
		{C03A0E6D-0093-8B63-EC41-8CC9B04310A1}.Debug|Any CPU.Build.0 = Debug|Any CPU
		{C03A0E6D-0093-8B63-EC41-8CC9B04310A1}.Release|Any CPU.ActiveCfg = Release|Any CPU
		{C03A0E6D-0093-8B63-EC41-8CC9B04310A1}.Release|Any CPU.Build.0 = Release|Any CPU
	EndGlobalSection
	GlobalSection(SolutionProperties) = preSolution
		HideSolutionNode = FALSE
	EndGlobalSection
EndGlobal
